// !$*UTF8*$!
{
	archiveVersion = 1;
	classes = {
	};
	objectVersion = 46;
	objects = {

/* Begin PBXBuildFile section */
		219ACDB71C15C5F30022C93D /* LocationManager.swift in Sources */ = {isa = PBXBuildFile; fileRef = 219ACDB61C15C5F30022C93D /* LocationManager.swift */; };
		219ACDB91C15C6CF0022C93D /* CoreLocation.framework in Frameworks */ = {isa = PBXBuildFile; fileRef = 219ACDB81C15C6CF0022C93D /* CoreLocation.framework */; };
		219ACDBB1C15C7510022C93D /* AlertController.swift in Sources */ = {isa = PBXBuildFile; fileRef = 219ACDBA1C15C7510022C93D /* AlertController.swift */; };
		21E2D3061C15C50C00CC3555 /* AppDelegate.swift in Sources */ = {isa = PBXBuildFile; fileRef = 21E2D3051C15C50C00CC3555 /* AppDelegate.swift */; };
		21E2D3081C15C50C00CC3555 /* ViewController.swift in Sources */ = {isa = PBXBuildFile; fileRef = 21E2D3071C15C50C00CC3555 /* ViewController.swift */; };
		21E2D30B1C15C50C00CC3555 /* Main.storyboard in Resources */ = {isa = PBXBuildFile; fileRef = 21E2D3091C15C50C00CC3555 /* Main.storyboard */; };
		21E2D30D1C15C50C00CC3555 /* Assets.xcassets in Resources */ = {isa = PBXBuildFile; fileRef = 21E2D30C1C15C50C00CC3555 /* Assets.xcassets */; };
		21E2D3101C15C50C00CC3555 /* LaunchScreen.storyboard in Resources */ = {isa = PBXBuildFile; fileRef = 21E2D30E1C15C50C00CC3555 /* LaunchScreen.storyboard */; };
/* End PBXBuildFile section */

/* Begin PBXFileReference section */
		219ACDB61C15C5F30022C93D /* LocationManager.swift */ = {isa = PBXFileReference; fileEncoding = 4; lastKnownFileType = sourcecode.swift; path = LocationManager.swift; sourceTree = "<group>"; };
		219ACDB81C15C6CF0022C93D /* CoreLocation.framework */ = {isa = PBXFileReference; lastKnownFileType = wrapper.framework; name = CoreLocation.framework; path = System/Library/Frameworks/CoreLocation.framework; sourceTree = SDKROOT; };
		219ACDBA1C15C7510022C93D /* AlertController.swift */ = {isa = PBXFileReference; fileEncoding = 4; lastKnownFileType = sourcecode.swift; path = AlertController.swift; sourceTree = "<group>"; };
		21E2D3021C15C50C00CC3555 /* forecastApp.app */ = {isa = PBXFileReference; explicitFileType = wrapper.application; includeInIndex = 0; path = forecastApp.app; sourceTree = BUILT_PRODUCTS_DIR; };
		21E2D3051C15C50C00CC3555 /* AppDelegate.swift */ = {isa = PBXFileReference; lastKnownFileType = sourcecode.swift; path = AppDelegate.swift; sourceTree = "<group>"; };
		21E2D3071C15C50C00CC3555 /* ViewController.swift */ = {isa = PBXFileReference; lastKnownFileType = sourcecode.swift; path = ViewController.swift; sourceTree = "<group>"; };
		21E2D30A1C15C50C00CC3555 /* Base */ = {isa = PBXFileReference; lastKnownFileType = file.storyboard; name = Base; path = Base.lproj/Main.storyboard; sourceTree = "<group>"; };
		21E2D30C1C15C50C00CC3555 /* Assets.xcassets */ = {isa = PBXFileReference; lastKnownFileType = folder.assetcatalog; path = Assets.xcassets; sourceTree = "<group>"; };
		21E2D30F1C15C50C00CC3555 /* Base */ = {isa = PBXFileReference; lastKnownFileType = file.storyboard; name = Base; path = Base.lproj/LaunchScreen.storyboard; sourceTree = "<group>"; };
		21E2D3111C15C50C00CC3555 /* Info.plist */ = {isa = PBXFileReference; lastKnownFileType = text.plist.xml; path = Info.plist; sourceTree = "<group>"; };
/* End PBXFileReference section */

/* Begin PBXFrameworksBuildPhase section */
		21E2D2FF1C15C50C00CC3555 /* Frameworks */ = {
			isa = PBXFrameworksBuildPhase;
			buildActionMask = 2147483647;
			files = (
				219ACDB91C15C6CF0022C93D /* CoreLocation.framework in Frameworks */,
			);
			runOnlyForDeploymentPostprocessing = 0;
		};
/* End PBXFrameworksBuildPhase section */

/* Begin PBXGroup section */
		219ACDBC1C15CEDF0022C93D /* Framework */ = {
			isa = PBXGroup;
			children = (
				219ACDB81C15C6CF0022C93D /* CoreLocation.framework */,
			);
			name = Framework;
			sourceTree = "<group>";
		};
		21E2D2F91C15C50C00CC3555 = {
			isa = PBXGroup;
			children = (
				219ACDBC1C15CEDF0022C93D /* Framework */,
				21E2D3041C15C50C00CC3555 /* forecastApp */,
				21E2D3031C15C50C00CC3555 /* Products */,
			);
			sourceTree = "<group>";
		};
		21E2D3031C15C50C00CC3555 /* Products */ = {
			isa = PBXGroup;
			children = (
				21E2D3021C15C50C00CC3555 /* forecastApp.app */,
			);
			name = Products;
			sourceTree = "<group>";
		};
		21E2D3041C15C50C00CC3555 /* forecastApp */ = {
			isa = PBXGroup;
			children = (
				21E2D3051C15C50C00CC3555 /* AppDelegate.swift */,
				219ACDBA1C15C7510022C93D /* AlertController.swift */,
				219ACDB61C15C5F30022C93D /* LocationManager.swift */,
				21E2D3071C15C50C00CC3555 /* ViewController.swift */,
				21E2D3091C15C50C00CC3555 /* Main.storyboard */,
				21E2D30C1C15C50C00CC3555 /* Assets.xcassets */,
				21E2D30E1C15C50C00CC3555 /* LaunchScreen.storyboard */,
				21E2D3111C15C50C00CC3555 /* Info.plist */,
			);
			path = forecastApp;
			sourceTree = "<group>";
		};
/* End PBXGroup section */

/* Begin PBXNativeTarget section */
		21E2D3011C15C50C00CC3555 /* forecastApp */ = {
			isa = PBXNativeTarget;
			buildConfigurationList = 21E2D3141C15C50C00CC3555 /* Build configuration list for PBXNativeTarget "forecastApp" */;
			buildPhases = (
				21E2D2FE1C15C50C00CC3555 /* Sources */,
				21E2D2FF1C15C50C00CC3555 /* Frameworks */,
				21E2D3001C15C50C00CC3555 /* Resources */,
			);
			buildRules = (
			);
			dependencies = (
			);
			name = forecastApp;
			productName = forecastApp;
			productReference = 21E2D3021C15C50C00CC3555 /* forecastApp.app */;
			productType = "com.apple.product-type.application";
		};
/* End PBXNativeTarget section */

/* Begin PBXProject section */
		21E2D2FA1C15C50C00CC3555 /* Project object */ = {
			isa = PBXProject;
			attributes = {
				LastSwiftUpdateCheck = 0710;
				LastUpgradeCheck = 0710;
				ORGANIZATIONNAME = GhaffarEtt;
				TargetAttributes = {
					21E2D3011C15C50C00CC3555 = {
						CreatedOnToolsVersion = 7.1.1;
						DevelopmentTeam = BV3PJEZECB;
					};
				};
			};
			buildConfigurationList = 21E2D2FD1C15C50C00CC3555 /* Build configuration list for PBXProject "forecastApp" */;
			compatibilityVersion = "Xcode 3.2";
			developmentRegion = English;
			hasScannedForEncodings = 0;
			knownRegions = (
				en,
				Base,
			);
			mainGroup = 21E2D2F91C15C50C00CC3555;
			productRefGroup = 21E2D3031C15C50C00CC3555 /* Products */;
			projectDirPath = "";
			projectRoot = "";
			targets = (
				21E2D3011C15C50C00CC3555 /* forecastApp */,
			);
		};
/* End PBXProject section */

/* Begin PBXResourcesBuildPhase section */
		21E2D3001C15C50C00CC3555 /* Resources */ = {
			isa = PBXResourcesBuildPhase;
			buildActionMask = 2147483647;
			files = (
				21E2D3101C15C50C00CC3555 /* LaunchScreen.storyboard in Resources */,
				21E2D30D1C15C50C00CC3555 /* Assets.xcassets in Resources */,
				21E2D30B1C15C50C00CC3555 /* Main.storyboard in Resources */,
			);
			runOnlyForDeploymentPostprocessing = 0;
		};
/* End PBXResourcesBuildPhase section */

/* Begin PBXSourcesBuildPhase section */
		21E2D2FE1C15C50C00CC3555 /* Sources */ = {
			isa = PBXSourcesBuildPhase;
			buildActionMask = 2147483647;
			files = (
				219ACDBB1C15C7510022C93D /* AlertController.swift in Sources */,
				21E2D3081C15C50C00CC3555 /* ViewController.swift in Sources */,
				21E2D3061C15C50C00CC3555 /* AppDelegate.swift in Sources */,
				219ACDB71C15C5F30022C93D /* LocationManager.swift in Sources */,
			);
			runOnlyForDeploymentPostprocessing = 0;
		};
/* End PBXSourcesBuildPhase section */

/* Begin PBXVariantGroup section */
		21E2D3091C15C50C00CC3555 /* Main.storyboard */ = {
			isa = PBXVariantGroup;
			children = (
				21E2D30A1C15C50C00CC3555 /* Base */,
			);
			name = Main.storyboard;
			sourceTree = "<group>";
		};
		21E2D30E1C15C50C00CC3555 /* LaunchScreen.storyboard */ = {
			isa = PBXVariantGroup;
			children = (
				21E2D30F1C15C50C00CC3555 /* Base */,
			);
			name = LaunchScreen.storyboard;
			sourceTree = "<group>";
		};
/* End PBXVariantGroup section */

/* Begin XCBuildConfiguration section */
		21E2D3121C15C50C00CC3555 /* Debug */ = {
			isa = XCBuildConfiguration;
			buildSettings = {
				ALWAYS_SEARCH_USER_PATHS = NO;
				CLANG_CXX_LANGUAGE_STANDARD = "gnu++0x";
				CLANG_CXX_LIBRARY = "libc++";
				CLANG_ENABLE_MODULES = YES;
				CLANG_ENABLE_OBJC_ARC = YES;
				CLANG_WARN_BOOL_CONVERSION = YES;
				CLANG_WARN_CONSTANT_CONVERSION = YES;
				CLANG_WARN_DIRECT_OBJC_ISA_USAGE = YES_ERROR;
				CLANG_WARN_EMPTY_BODY = YES;
				CLANG_WARN_ENUM_CONVERSION = YES;
				CLANG_WARN_INT_CONVERSION = YES;
				CLANG_WARN_OBJC_ROOT_CLASS = YES_ERROR;
				CLANG_WARN_UNREACHABLE_CODE = YES;
				CLANG_WARN__DUPLICATE_METHOD_MATCH = YES;
				"CODE_SIGN_IDENTITY[sdk=iphoneos*]" = "iPhone Developer";
				COPY_PHASE_STRIP = NO;
				DEBUG_INFORMATION_FORMAT = dwarf;
				ENABLE_STRICT_OBJC_MSGSEND = YES;
				ENABLE_TESTABILITY = YES;
				GCC_C_LANGUAGE_STANDARD = gnu99;
				GCC_DYNAMIC_NO_PIC = NO;
				GCC_NO_COMMON_BLOCKS = YES;
				GCC_OPTIMIZATION_LEVEL = 0;
				GCC_PREPROCESSOR_DEFINITIONS = (
					"DEBUG=1",
					"$(inherited)",
				);
				GCC_WARN_64_TO_32_BIT_CONVERSION = YES;
				GCC_WARN_ABOUT_RETURN_TYPE = YES_ERROR;
				GCC_WARN_UNDECLARED_SELECTOR = YES;
				GCC_WARN_UNINITIALIZED_AUTOS = YES_AGGRESSIVE;
				GCC_WARN_UNUSED_FUNCTION = YES;
				GCC_WARN_UNUSED_VARIABLE = YES;
				IPHONEOS_DEPLOYMENT_TARGET = 9.1;
				MTL_ENABLE_DEBUG_INFO = YES;
				ONLY_ACTIVE_ARCH = YES;
				SDKROOT = iphoneos;
				SWIFT_OPTIMIZATION_LEVEL = "-Onone";
			};
			name = Debug;
		};
		21E2D3131C15C50C00CC3555 /* Release */ = {
			isa = XCBuildConfiguration;
			buildSettings = {
				ALWAYS_SEARCH_USER_PATHS = NO;
				CLANG_CXX_LANGUAGE_STANDARD = "gnu++0x";
				CLANG_CXX_LIBRARY = "libc++";
				CLANG_ENABLE_MODULES = YES;
				CLANG_ENABLE_OBJC_ARC = YES;
				CLANG_WARN_BOOL_CONVERSION = YES;
				CLANG_WARN_CONSTANT_CONVERSION = YES;
				CLANG_WARN_DIRECT_OBJC_ISA_USAGE = YES_ERROR;
				CLANG_WARN_EMPTY_BODY = YES;
				CLANG_WARN_ENUM_CONVERSION = YES;
				CLANG_WARN_INT_CONVERSION = YES;
				CLANG_WARN_OBJC_ROOT_CLASS = YES_ERROR;
				CLANG_WARN_UNREACHABLE_CODE = YES;
				CLANG_WARN__DUPLICATE_METHOD_MATCH = YES;
				"CODE_SIGN_IDENTITY[sdk=iphoneos*]" = "iPhone Developer";
				COPY_PHASE_STRIP = NO;
				DEBUG_INFORMATION_FORMAT = "dwarf-with-dsym";
				ENABLE_NS_ASSERTIONS = NO;
				ENABLE_STRICT_OBJC_MSGSEND = YES;
				GCC_C_LANGUAGE_STANDARD = gnu99;
				GCC_NO_COMMON_BLOCKS = YES;
				GCC_WARN_64_TO_32_BIT_CONVERSION = YES;
				GCC_WARN_ABOUT_RETURN_TYPE = YES_ERROR;
				GCC_WARN_UNDECLARED_SELECTOR = YES;
				GCC_WARN_UNINITIALIZED_AUTOS = YES_AGGRESSIVE;
				GCC_WARN_UNUSED_FUNCTION = YES;
				GCC_WARN_UNUSED_VARIABLE = YES;
				IPHONEOS_DEPLOYMENT_TARGET = 9.1;
				MTL_ENABLE_DEBUG_INFO = NO;
				SDKROOT = iphoneos;
				VALIDATE_PRODUCT = YES;
			};
			name = Release;
		};
		21E2D3151C15C50C00CC3555 /* Debug */ = {
			isa = XCBuildConfiguration;
			buildSettings = {
				ASSETCATALOG_COMPILER_APPICON_NAME = AppIcon;
				INFOPLIST_FILE = forecastApp/Info.plist;
				LD_RUNPATH_SEARCH_PATHS = "$(inherited) @executable_path/Frameworks";
				PRODUCT_BUNDLE_IDENTIFIER = com.abdou.forecastApp;
				PRODUCT_NAME = "$(TARGET_NAME)";
			};
			name = Debug;
		};
		21E2D3161C15C50C00CC3555 /* Release */ = {
			isa = XCBuildConfiguration;
			buildSettings = {
				ASSETCATALOG_COMPILER_APPICON_NAME = AppIcon;
				INFOPLIST_FILE = forecastApp/Info.plist;
				LD_RUNPATH_SEARCH_PATHS = "$(inherited) @executable_path/Frameworks";
				PRODUCT_BUNDLE_IDENTIFIER = com.abdou.forecastApp;
				PRODUCT_NAME = "$(TARGET_NAME)";
			};
			name = Release;
		};
/* End XCBuildConfiguration section */

/* Begin XCConfigurationList section */
		21E2D2FD1C15C50C00CC3555 /* Build configuration list for PBXProject "forecastApp" */ = {
			isa = XCConfigurationList;
			buildConfigurations = (
				21E2D3121C15C50C00CC3555 /* Debug */,
				21E2D3131C15C50C00CC3555 /* Release */,
			);
			defaultConfigurationIsVisible = 0;
			defaultConfigurationName = Release;
		};
		21E2D3141C15C50C00CC3555 /* Build configuration list for PBXNativeTarget "forecastApp" */ = {
			isa = XCConfigurationList;
			buildConfigurations = (
				21E2D3151C15C50C00CC3555 /* Debug */,
				21E2D3161C15C50C00CC3555 /* Release */,
			);
			defaultConfigurationIsVisible = 0;
			defaultConfigurationName = Release;
		};
/* End XCConfigurationList section */
	};
	rootObject = 21E2D2FA1C15C50C00CC3555 /* Project object */;
}
